
Microsoft Visual Studio Solution File, Format Version 11.00
# Visual Studio 2010
Project("{FAE04EC0-301F-11D3-BF4B-00C04F79EFBC}") = "Brilliantech.Tsk.Data.CL", "Brilliantech.Tsk.Data.CL\Brilliantech.Tsk.Data.CL.csproj", "{ADA157A0-54CA-4F95-A5B3-C5033896ECDD}"
EndProject
Project("{FAE04EC0-301F-11D3-BF4B-00C04F79EFBC}") = "Brilliantech.Tsk.Service.Wcf", "Brilliantech.Tsk.Service.Wcf\Brilliantech.Tsk.Service.Wcf.csproj", "{4AE8D14F-ECF1-4D72-A997-D8D7C05F999C}"
EndProject
Project("{FAE04EC0-301F-11D3-BF4B-00C04F79EFBC}") = "Brilliantech.Tsk.Host.WS", "Brilliantech.Tsk.Host.WS\Brilliantech.Tsk.Host.WS.csproj", "{FDC1FF93-C725-4733-B1C2-66C739C8E1B9}"
EndProject
Global
	GlobalSection(SolutionConfigurationPlatforms) = preSolution
		Debug|Any CPU = Debug|Any CPU
		Debug|Mixed Platforms = Debug|Mixed Platforms
		Debug|x86 = Debug|x86
		Release|Any CPU = Release|Any CPU
		Release|Mixed Platforms = Release|Mixed Platforms
		Release|x86 = Release|x86
	EndGlobalSection
	GlobalSection(ProjectConfigurationPlatforms) = postSolution
		{ADA157A0-54CA-4F95-A5B3-C5033896ECDD}.Debug|Any CPU.ActiveCfg = Debug|Any CPU
		{ADA157A0-54CA-4F95-A5B3-C5033896ECDD}.Debug|Any CPU.Build.0 = Debug|Any CPU
		{ADA157A0-54CA-4F95-A5B3-C5033896ECDD}.Debug|Mixed Platforms.ActiveCfg = Debug|Any CPU
		{ADA157A0-54CA-4F95-A5B3-C5033896ECDD}.Debug|Mixed Platforms.Build.0 = Debug|Any CPU
		{ADA157A0-54CA-4F95-A5B3-C5033896ECDD}.Debug|x86.ActiveCfg = Debug|Any CPU
		{ADA157A0-54CA-4F95-A5B3-C5033896ECDD}.Release|Any CPU.ActiveCfg = Release|Any CPU
		{ADA157A0-54CA-4F95-A5B3-C5033896ECDD}.Release|Any CPU.Build.0 = Release|Any CPU
		{ADA157A0-54CA-4F95-A5B3-C5033896ECDD}.Release|Mixed Platforms.ActiveCfg = Release|Any CPU
		{ADA157A0-54CA-4F95-A5B3-C5033896ECDD}.Release|Mixed Platforms.Build.0 = Release|Any CPU
		{ADA157A0-54CA-4F95-A5B3-C5033896ECDD}.Release|x86.ActiveCfg = Release|Any CPU
		{4AE8D14F-ECF1-4D72-A997-D8D7C05F999C}.Debug|Any CPU.ActiveCfg = Debug|Any CPU
		{4AE8D14F-ECF1-4D72-A997-D8D7C05F999C}.Debug|Any CPU.Build.0 = Debug|Any CPU
		{4AE8D14F-ECF1-4D72-A997-D8D7C05F999C}.Debug|Mixed Platforms.ActiveCfg = Debug|Any CPU
		{4AE8D14F-ECF1-4D72-A997-D8D7C05F999C}.Debug|Mixed Platforms.Build.0 = Debug|Any CPU
		{4AE8D14F-ECF1-4D72-A997-D8D7C05F999C}.Debug|x86.ActiveCfg = Debug|Any CPU
		{4AE8D14F-ECF1-4D72-A997-D8D7C05F999C}.Release|Any CPU.ActiveCfg = Release|Any CPU
		{4AE8D14F-ECF1-4D72-A997-D8D7C05F999C}.Release|Any CPU.Build.0 = Release|Any CPU
		{4AE8D14F-ECF1-4D72-A997-D8D7C05F999C}.Release|Mixed Platforms.ActiveCfg = Release|Any CPU
		{4AE8D14F-ECF1-4D72-A997-D8D7C05F999C}.Release|Mixed Platforms.Build.0 = Release|Any CPU
		{4AE8D14F-ECF1-4D72-A997-D8D7C05F999C}.Release|x86.ActiveCfg = Release|Any CPU
		{FDC1FF93-C725-4733-B1C2-66C739C8E1B9}.Debug|Any CPU.ActiveCfg = Debug|x86
		{FDC1FF93-C725-4733-B1C2-66C739C8E1B9}.Debug|Mixed Platforms.ActiveCfg = Debug|x86
		{FDC1FF93-C725-4733-B1C2-66C739C8E1B9}.Debug|Mixed Platforms.Build.0 = Debug|x86
		{FDC1FF93-C725-4733-B1C2-66C739C8E1B9}.Debug|x86.ActiveCfg = Debug|x86
		{FDC1FF93-C725-4733-B1C2-66C739C8E1B9}.Debug|x86.Build.0 = Debug|x86
		{FDC1FF93-C725-4733-B1C2-66C739C8E1B9}.Release|Any CPU.ActiveCfg = Release|x86
		{FDC1FF93-C725-4733-B1C2-66C739C8E1B9}.Release|Mixed Platforms.ActiveCfg = Release|x86
		{FDC1FF93-C725-4733-B1C2-66C739C8E1B9}.Release|Mixed Platforms.Build.0 = Release|x86
		{FDC1FF93-C725-4733-B1C2-66C739C8E1B9}.Release|x86.ActiveCfg = Release|x86
		{FDC1FF93-C725-4733-B1C2-66C739C8E1B9}.Release|x86.Build.0 = Release|x86
	EndGlobalSection
	GlobalSection(SolutionProperties) = preSolution
		HideSolutionNode = FALSE
	EndGlobalSection
EndGlobal
